{
  "name": "meninas_super_poderosas",
  "version": "1.0.0",
  "lockfileVersion": 2,
  "requires": true,
  "packages": {
    "": {
      "name": "meninas_super_poderosas",
      "version": "1.0.0",
      "license": "ISC",
      "dependencies": {
        "colors": "^1.4.0",
        "colorss": "^0.0.1-security",
        "starwars": "^1.0.1"
      }
    },
    "node_modules/colors": {
      "version": "1.4.0",
      "resolved": "https://registry.npmjs.org/colors/-/colors-1.4.0.tgz",
      "integrity": "sha512-a+UqTh4kgZg/SlGvfbzDHpgRu7AAQOmmqRHJnxhRZICKFUT91brVhNNt58CMWU9PsBbv3PDCZUHbVxuDiH2mtA==",
      "engines": {
        "node": ">=0.1.90"
      }
    },
    "node_modules/colorss": {
      "version": "0.0.1-security",
      "resolved": "https://registry.npmjs.org/colorss/-/colorss-0.0.1-security.tgz",
      "integrity": "sha512-xl9QEcQ043gspd5Swq0pUAypdEXimcKZZiTM8YgQTpW5owxysnzjFUw9/Bs2AucTpEY+vUvbn+HX8iqBzYUXfQ=="
    },
    "node_modules/starwars": {
      "version": "1.0.1",
      "resolved": "https://registry.npmjs.org/starwars/-/starwars-1.0.1.tgz",
      "integrity": "sha512-d23qkhEuFNlHas4/w2J6ZF6qS7jqy8OK4N3gfQbtTk/5Lt1wKe+xv0cIweuNxwtwBGVXvmsLV2mdUOBKfj12cA==",
      "bin": {
        "starwars": "lib/cli.js"
      }
    }
  },
  "dependencies": {
    "colors": {
      "version": "1.4.0",
      "resolved": "https://registry.npmjs.org/colors/-/colors-1.4.0.tgz",
      "integrity": "sha512-a+UqTh4kgZg/SlGvfbzDHpgRu7AAQOmmqRHJnxhRZICKFUT91brVhNNt58CMWU9PsBbv3PDCZUHbVxuDiH2mtA=="
    },
    "colorss": {
      "version": "0.0.1-security",
      "resolved": "https://registry.npmjs.org/colorss/-/colorss-0.0.1-security.tgz",
      "integrity": "sha512-xl9QEcQ043gspd5Swq0pUAypdEXimcKZZiTM8YgQTpW5owxysnzjFUw9/Bs2AucTpEY+vUvbn+HX8iqBzYUXfQ=="
    },
    "starwars": {
      "version": "1.0.1",
      "resolved": "https://registry.npmjs.org/starwars/-/starwars-1.0.1.tgz",
      "integrity": "sha512-d23qkhEuFNlHas4/w2J6ZF6qS7jqy8OK4N3gfQbtTk/5Lt1wKe+xv0cIweuNxwtwBGVXvmsLV2mdUOBKfj12cA=="
    }
  }
}
